
Microsoft Visual Studio Solution File, Format Version 12.00
# Visual Studio Version 17
VisualStudioVersion = 17.1.32328.378
MinimumVisualStudioVersion = 10.0.40219.1
Project("{FAE04EC0-301F-11D3-BF4B-00C04F79EFBC}") = "Beatleaderauthnet5", "Beatleaderauthnet5\Beatleaderauthnet5.csproj", "{DDAD6A9C-8090-4D19-94E1-600A01BC6542}"
EndProject
Global
	GlobalSection(SolutionConfigurationPlatforms) = preSolution
		Debug|Any CPU = Debug|Any CPU
		Release|Any CPU = Release|Any CPU
	EndGlobalSection
	GlobalSection(ProjectConfigurationPlatforms) = postSolution
		{DDAD6A9C-8090-4D19-94E1-600A01BC6542}.Debug|Any CPU.ActiveCfg = Debug|Any CPU
		{DDAD6A9C-8090-4D19-94E1-600A01BC6542}.Debug|Any CPU.Build.0 = Debug|Any CPU
		{DDAD6A9C-8090-4D19-94E1-600A01BC6542}.Release|Any CPU.ActiveCfg = Release|Any CPU
		{DDAD6A9C-8090-4D19-94E1-600A01BC6542}.Release|Any CPU.Build.0 = Release|Any CPU
	EndGlobalSection
	GlobalSection(SolutionProperties) = preSolution
		HideSolutionNode = FALSE
	EndGlobalSection
	GlobalSection(ExtensibilityGlobals) = postSolution
		SolutionGuid = {C54D3692-25CF-48C0-99E0-D430C40A973C}
	EndGlobalSection
EndGlobal
